
Microsoft Visual Studio Solution File, Format Version 12.00
# Visual Studio Version 16
VisualStudioVersion = 16.0.30225.117
MinimumVisualStudioVersion = 10.0.40219.1
Project("{9A19103F-16F7-4668-BE54-9A1E7A4F7556}") = "FrequencyCache", "FrequencyCache.csproj", "{13B588BB-5FEA-42BB-87BB-89CF4AD2C8AE}"
EndProject
Global
	GlobalSection(SolutionConfigurationPlatforms) = preSolution
		Debug|Any CPU = Debug|Any CPU
		Release|Any CPU = Release|Any CPU
	EndGlobalSection
	GlobalSection(ProjectConfigurationPlatforms) = postSolution
		{13B588BB-5FEA-42BB-87BB-89CF4AD2C8AE}.Debug|Any CPU.ActiveCfg = Debug|Any CPU
		{13B588BB-5FEA-42BB-87BB-89CF4AD2C8AE}.Debug|Any CPU.Build.0 = Debug|Any CPU
		{13B588BB-5FEA-42BB-87BB-89CF4AD2C8AE}.Release|Any CPU.ActiveCfg = Release|Any CPU
		{13B588BB-5FEA-42BB-87BB-89CF4AD2C8AE}.Release|Any CPU.Build.0 = Release|Any CPU
	EndGlobalSection
	GlobalSection(SolutionProperties) = preSolution
		HideSolutionNode = FALSE
	EndGlobalSection
	GlobalSection(ExtensibilityGlobals) = postSolution
		SolutionGuid = {3F47A365-7682-4E1D-BEC5-4FAA0E5E9C13}
	EndGlobalSection
EndGlobal
